
Microsoft Visual Studio Solution File, Format Version 12.00
# Visual Studio Version 16
VisualStudioVersion = 16.0.29709.97
MinimumVisualStudioVersion = 10.0.40219.1
Project("{8BC9CEB8-8B4A-11D0-8D11-00A0C91BC942}") = "SharpCoffeeApp", "SharpCoffeeApp\SharpCoffeeApp.vcxproj", "{3910F156-790D-48E9-83C4-2754A386EFDB}"
EndProject
Project("{8BC9CEB8-8B4A-11D0-8D11-00A0C91BC942}") = "Scanner", "Scanner\Scanner.vcxproj", "{A369C2ED-7A41-43AE-BCA7-317B03970680}"
EndProject
Project("{2150E333-8FDC-42A3-9474-1A3956D46DE8}") = "Solution Items", "Solution Items", "{39EB3B6F-8130-471D-A68E-831C48CB3610}"
	ProjectSection(SolutionItems) = preProject
		SharpCoffeeLogo.ico = SharpCoffeeLogo.ico
	EndProjectSection
EndProject
Global
	GlobalSection(SolutionConfigurationPlatforms) = preSolution
		Debug|x64 = Debug|x64
		Debug|x86 = Debug|x86
		Release|x64 = Release|x64
		Release|x86 = Release|x86
	EndGlobalSection
	GlobalSection(ProjectConfigurationPlatforms) = postSolution
		{3910F156-790D-48E9-83C4-2754A386EFDB}.Debug|x64.ActiveCfg = Debug|x64
		{3910F156-790D-48E9-83C4-2754A386EFDB}.Debug|x64.Build.0 = Debug|x64
		{3910F156-790D-48E9-83C4-2754A386EFDB}.Debug|x86.ActiveCfg = Debug|Win32
		{3910F156-790D-48E9-83C4-2754A386EFDB}.Debug|x86.Build.0 = Debug|Win32
		{3910F156-790D-48E9-83C4-2754A386EFDB}.Release|x64.ActiveCfg = Release|x64
		{3910F156-790D-48E9-83C4-2754A386EFDB}.Release|x64.Build.0 = Release|x64
		{3910F156-790D-48E9-83C4-2754A386EFDB}.Release|x86.ActiveCfg = Release|Win32
		{3910F156-790D-48E9-83C4-2754A386EFDB}.Release|x86.Build.0 = Release|Win32
		{A369C2ED-7A41-43AE-BCA7-317B03970680}.Debug|x64.ActiveCfg = Debug|x64
		{A369C2ED-7A41-43AE-BCA7-317B03970680}.Debug|x64.Build.0 = Debug|x64
		{A369C2ED-7A41-43AE-BCA7-317B03970680}.Debug|x86.ActiveCfg = Debug|Win32
		{A369C2ED-7A41-43AE-BCA7-317B03970680}.Debug|x86.Build.0 = Debug|Win32
		{A369C2ED-7A41-43AE-BCA7-317B03970680}.Release|x64.ActiveCfg = Release|x64
		{A369C2ED-7A41-43AE-BCA7-317B03970680}.Release|x64.Build.0 = Release|x64
		{A369C2ED-7A41-43AE-BCA7-317B03970680}.Release|x86.ActiveCfg = Release|Win32
		{A369C2ED-7A41-43AE-BCA7-317B03970680}.Release|x86.Build.0 = Release|Win32
	EndGlobalSection
	GlobalSection(SolutionProperties) = preSolution
		HideSolutionNode = FALSE
	EndGlobalSection
	GlobalSection(ExtensibilityGlobals) = postSolution
		SolutionGuid = {BB0E18DE-1D37-4DEE-9447-3A7C8293C5D6}
	EndGlobalSection
EndGlobal
